
Microsoft Visual Studio Solution File, Format Version 12.00
# Visual Studio Version 17
VisualStudioVersion = 17.9.34622.214
MinimumVisualStudioVersion = 10.0.40219.1
Project("{FAE04EC0-301F-11D3-BF4B-00C04F79EFBC}") = "Server", "Server\Server.csproj", "{ABEE6B6C-465F-4EFD-B17B-8FB408E77275}"
EndProject
Project("{FAE04EC0-301F-11D3-BF4B-00C04F79EFBC}") = "Client", "Client\Client.csproj", "{67693024-DF89-4E2C-ACB8-C30A045B807B}"
EndProject
Project("{FAE04EC0-301F-11D3-BF4B-00C04F79EFBC}") = "DataTransferHost", "DataTransferHost\DataTransferHost.csproj", "{AD152C46-2B84-4B70-9394-72F9963D3CA4}"
EndProject
Global
	GlobalSection(SolutionConfigurationPlatforms) = preSolution
		Debug|Any CPU = Debug|Any CPU
		Release|Any CPU = Release|Any CPU
	EndGlobalSection
	GlobalSection(ProjectConfigurationPlatforms) = postSolution
		{ABEE6B6C-465F-4EFD-B17B-8FB408E77275}.Debug|Any CPU.ActiveCfg = Debug|Any CPU
		{ABEE6B6C-465F-4EFD-B17B-8FB408E77275}.Debug|Any CPU.Build.0 = Debug|Any CPU
		{ABEE6B6C-465F-4EFD-B17B-8FB408E77275}.Release|Any CPU.ActiveCfg = Release|Any CPU
		{ABEE6B6C-465F-4EFD-B17B-8FB408E77275}.Release|Any CPU.Build.0 = Release|Any CPU
		{67693024-DF89-4E2C-ACB8-C30A045B807B}.Debug|Any CPU.ActiveCfg = Debug|Any CPU
		{67693024-DF89-4E2C-ACB8-C30A045B807B}.Debug|Any CPU.Build.0 = Debug|Any CPU
		{67693024-DF89-4E2C-ACB8-C30A045B807B}.Release|Any CPU.ActiveCfg = Release|Any CPU
		{67693024-DF89-4E2C-ACB8-C30A045B807B}.Release|Any CPU.Build.0 = Release|Any CPU
		{AD152C46-2B84-4B70-9394-72F9963D3CA4}.Debug|Any CPU.ActiveCfg = Debug|Any CPU
		{AD152C46-2B84-4B70-9394-72F9963D3CA4}.Debug|Any CPU.Build.0 = Debug|Any CPU
		{AD152C46-2B84-4B70-9394-72F9963D3CA4}.Release|Any CPU.ActiveCfg = Release|Any CPU
		{AD152C46-2B84-4B70-9394-72F9963D3CA4}.Release|Any CPU.Build.0 = Release|Any CPU
	EndGlobalSection
	GlobalSection(SolutionProperties) = preSolution
		HideSolutionNode = FALSE
	EndGlobalSection
	GlobalSection(ExtensibilityGlobals) = postSolution
		SolutionGuid = {0B620098-4EAE-4287-8327-13980762EAED}
	EndGlobalSection
EndGlobal
