
Microsoft Visual Studio Solution File, Format Version 12.00
# Visual Studio Version 17
VisualStudioVersion = 17.9.34622.214
MinimumVisualStudioVersion = 10.0.40219.1
Project("{FAE04EC0-301F-11D3-BF4B-00C04F79EFBC}") = "DataTransferStatisticsServer", "DataTransferStatistics\DataTransferStatisticsServer.csproj", "{0C7773DD-D18B-40B7-AAE5-71260D4C4703}"
EndProject
Project("{FAE04EC0-301F-11D3-BF4B-00C04F79EFBC}") = "DataTransferStatisticsClient", "DataTransferStatisticsClient\DataTransferStatisticsClient.csproj", "{A141BC89-8AC7-43AE-BD2D-E64B68B7A944}"
EndProject
Global
	GlobalSection(SolutionConfigurationPlatforms) = preSolution
		Debug|Any CPU = Debug|Any CPU
		Release|Any CPU = Release|Any CPU
	EndGlobalSection
	GlobalSection(ProjectConfigurationPlatforms) = postSolution
		{0C7773DD-D18B-40B7-AAE5-71260D4C4703}.Debug|Any CPU.ActiveCfg = Debug|Any CPU
		{0C7773DD-D18B-40B7-AAE5-71260D4C4703}.Debug|Any CPU.Build.0 = Debug|Any CPU
		{0C7773DD-D18B-40B7-AAE5-71260D4C4703}.Release|Any CPU.ActiveCfg = Release|Any CPU
		{0C7773DD-D18B-40B7-AAE5-71260D4C4703}.Release|Any CPU.Build.0 = Release|Any CPU
		{A141BC89-8AC7-43AE-BD2D-E64B68B7A944}.Debug|Any CPU.ActiveCfg = Debug|Any CPU
		{A141BC89-8AC7-43AE-BD2D-E64B68B7A944}.Debug|Any CPU.Build.0 = Debug|Any CPU
		{A141BC89-8AC7-43AE-BD2D-E64B68B7A944}.Release|Any CPU.ActiveCfg = Release|Any CPU
		{A141BC89-8AC7-43AE-BD2D-E64B68B7A944}.Release|Any CPU.Build.0 = Release|Any CPU
	EndGlobalSection
	GlobalSection(SolutionProperties) = preSolution
		HideSolutionNode = FALSE
	EndGlobalSection
	GlobalSection(ExtensibilityGlobals) = postSolution
		SolutionGuid = {0B620098-4EAE-4287-8327-13980762EAED}
	EndGlobalSection
EndGlobal
